PODS:
  - CocoaAsyncSocket (7.6.3)
  - SocketRocket (0.5.1)

DEPENDENCIES:
  - CocoaAsyncSocket (= 7.6.3)
  - SocketRocket (= 0.5.1)

SPEC REPOS:
  https://github.com/CocoaPods/Specs.git:
    - CocoaAsyncSocket
    - SocketRocket

SPEC CHECKSUMS:
  CocoaAsyncSocket: eafaa68a7e0ec99ead0a7b35015e0bf25d2c8987
  SocketRocket: d57c7159b83c3c6655745cd15302aa24b6bae531

PODFILE CHECKSUM: dfdad4f71002a74d4bd4ced3e343e61a5af7c4ff

COCOAPODS: 1.5.0
